
Microsoft Visual Studio Solution File, Format Version 12.00
# Visual Studio Version 16
VisualStudioVersion = 16.0.33328.57
MinimumVisualStudioVersion = 10.0.40219.1
Project("{FAE04EC0-301F-11D3-BF4B-00C04F79EFBC}") = "Solar System Sim", "Solar System Sim\Solar System Sim.csproj", "{65CB977A-9530-40BA-8AEF-6B16F57DC8FF}"
EndProject
Global
	GlobalSection(SolutionConfigurationPlatforms) = preSolution
		Debug|Any CPU = Debug|Any CPU
		Release|Any CPU = Release|Any CPU
	EndGlobalSection
	GlobalSection(ProjectConfigurationPlatforms) = postSolution
		{65CB977A-9530-40BA-8AEF-6B16F57DC8FF}.Debug|Any CPU.ActiveCfg = Debug|Any CPU
		{65CB977A-9530-40BA-8AEF-6B16F57DC8FF}.Debug|Any CPU.Build.0 = Debug|Any CPU
		{65CB977A-9530-40BA-8AEF-6B16F57DC8FF}.Release|Any CPU.ActiveCfg = Release|Any CPU
		{65CB977A-9530-40BA-8AEF-6B16F57DC8FF}.Release|Any CPU.Build.0 = Release|Any CPU
	EndGlobalSection
	GlobalSection(SolutionProperties) = preSolution
		HideSolutionNode = FALSE
	EndGlobalSection
	GlobalSection(ExtensibilityGlobals) = postSolution
		SolutionGuid = {A0432E9B-F510-4760-973A-6A77042213E5}
	EndGlobalSection
EndGlobal
